// !$*UTF8*$!
{
	archiveVersion = 1;
	classes = {
	};
	objectVersion = 46;
	objects = {

/* Begin PBXBuildFile section */
		E2A238A81F1D6CCC008F5DD6 /* RandNum.swift in Sources */ = {isa = PBXBuildFile; fileRef = E2A238A71F1D6CCC008F5DD6 /* RandNum.swift */; };
		E2BB4E591F2D4943008A4AB9 /* EarTrainingTests.swift in Sources */ = {isa = PBXBuildFile; fileRef = E2BB4E581F2D4943008A4AB9 /* EarTrainingTests.swift */; };
		E2C3C8B81F12E37C0020F5D6 /* AppDelegate.swift in Sources */ = {isa = PBXBuildFile; fileRef = E2C3C8B71F12E37C0020F5D6 /* AppDelegate.swift */; };
		E2C3C8BA1F12E37C0020F5D6 /* ViewController.swift in Sources */ = {isa = PBXBuildFile; fileRef = E2C3C8B91F12E37C0020F5D6 /* ViewController.swift */; };
		E2C3C8BD1F12E37C0020F5D6 /* Main.storyboard in Resources */ = {isa = PBXBuildFile; fileRef = E2C3C8BB1F12E37C0020F5D6 /* Main.storyboard */; };
		E2C3C8BF1F12E37C0020F5D6 /* Assets.xcassets in Resources */ = {isa = PBXBuildFile; fileRef = E2C3C8BE1F12E37C0020F5D6 /* Assets.xcassets */; };
		E2C3C8C21F12E37C0020F5D6 /* LaunchScreen.storyboard in Resources */ = {isa = PBXBuildFile; fileRef = E2C3C8C01F12E37C0020F5D6 /* LaunchScreen.storyboard */; };
		E2C3C8CD1F12E37D0020F5D6 /* Syllabus_PrepTests.swift in Sources */ = {isa = PBXBuildFile; fileRef = E2C3C8CC1F12E37D0020F5D6 /* Syllabus_PrepTests.swift */; };
		E2FD05DB1F1C2D6F00AB3015 /* MIDISampler.swift in Sources */ = {isa = PBXBuildFile; fileRef = E2FD05DA1F1C2D6F00AB3015 /* MIDISampler.swift */; };
		E2FD05DD1F1C2FF300AB3015 /* GeneralUser GS MuseScore v1.442.sf2 in Resources */ = {isa = PBXBuildFile; fileRef = E2FD05DC1F1C2FF300AB3015 /* GeneralUser GS MuseScore v1.442.sf2 */; };
		E2FD05E21F1C5B4000AB3015 /* EarTrainingSets.swift in Sources */ = {isa = PBXBuildFile; fileRef = E2FD05DE1F1C5B4000AB3015 /* EarTrainingSets.swift */; };
		E2FD05E31F1C5B4000AB3015 /* Notes.swift in Sources */ = {isa = PBXBuildFile; fileRef = E2FD05DF1F1C5B4000AB3015 /* Notes.swift */; };
		E2FD05E41F1C5B4000AB3015 /* SyllabusLevels.swift in Sources */ = {isa = PBXBuildFile; fileRef = E2FD05E01F1C5B4000AB3015 /* SyllabusLevels.swift */; };
		E2FD05E51F1C5B4000AB3015 /* Types.swift in Sources */ = {isa = PBXBuildFile; fileRef = E2FD05E11F1C5B4000AB3015 /* Types.swift */; };
		E2FD05ED1F1C670A00AB3015 /* Intervals.swift in Sources */ = {isa = PBXBuildFile; fileRef = E2FD05EC1F1C670A00AB3015 /* Intervals.swift */; };
		E2FD05EF1F1C6B6600AB3015 /* ET_Intervals.swift in Sources */ = {isa = PBXBuildFile; fileRef = E2FD05EE1F1C6B6600AB3015 /* ET_Intervals.swift */; };
		E2FD05F11F1C6D2100AB3015 /* ET_Chords.swift in Sources */ = {isa = PBXBuildFile; fileRef = E2FD05F01F1C6D2100AB3015 /* ET_Chords.swift */; };
		E2FD05F31F1C6DE100AB3015 /* ET_Scales.swift in Sources */ = {isa = PBXBuildFile; fileRef = E2FD05F21F1C6DE100AB3015 /* ET_Scales.swift */; };
		E2FD05F51F1C6F0F00AB3015 /* Chords.swift in Sources */ = {isa = PBXBuildFile; fileRef = E2FD05F41F1C6F0F00AB3015 /* Chords.swift */; };
		E2FD05F71F1C708500AB3015 /* Scales.swift in Sources */ = {isa = PBXBuildFile; fileRef = E2FD05F61F1C708500AB3015 /* Scales.swift */; };
/* End PBXBuildFile section */

/* Begin PBXContainerItemProxy section */
		E2C3C8C91F12E37C0020F5D6 /* PBXContainerItemProxy */ = {
			isa = PBXContainerItemProxy;
			containerPortal = E2C3C8AC1F12E37C0020F5D6 /* Project object */;
			proxyType = 1;
			remoteGlobalIDString = E2C3C8B31F12E37C0020F5D6;
			remoteInfo = "Syllabus Prep";
		};
/* End PBXContainerItemProxy section */

/* Begin PBXFileReference section */
		E2A238A71F1D6CCC008F5DD6 /* RandNum.swift */ = {isa = PBXFileReference; fileEncoding = 4; lastKnownFileType = sourcecode.swift; path = RandNum.swift; sourceTree = "<group>"; };
		E2BB4E581F2D4943008A4AB9 /* EarTrainingTests.swift */ = {isa = PBXFileReference; fileEncoding = 4; lastKnownFileType = sourcecode.swift; path = EarTrainingTests.swift; sourceTree = "<group>"; };
		E2C3C8B41F12E37C0020F5D6 /* Syllabus Prep.app */ = {isa = PBXFileReference; explicitFileType = wrapper.application; includeInIndex = 0; path = "Syllabus Prep.app"; sourceTree = BUILT_PRODUCTS_DIR; };
		E2C3C8B71F12E37C0020F5D6 /* AppDelegate.swift */ = {isa = PBXFileReference; lastKnownFileType = sourcecode.swift; path = AppDelegate.swift; sourceTree = "<group>"; };
		E2C3C8B91F12E37C0020F5D6 /* ViewController.swift */ = {isa = PBXFileReference; lastKnownFileType = sourcecode.swift; path = ViewController.swift; sourceTree = "<group>"; };
		E2C3C8BC1F12E37C0020F5D6 /* Base */ = {isa = PBXFileReference; lastKnownFileType = file.storyboard; name = Base; path = Base.lproj/Main.storyboard; sourceTree = "<group>"; };
		E2C3C8BE1F12E37C0020F5D6 /* Assets.xcassets */ = {isa = PBXFileReference; lastKnownFileType = folder.assetcatalog; path = Assets.xcassets; sourceTree = "<group>"; };
		E2C3C8C11F12E37C0020F5D6 /* Base */ = {isa = PBXFileReference; lastKnownFileType = file.storyboard; name = Base; path = Base.lproj/LaunchScreen.storyboard; sourceTree = "<group>"; };
		E2C3C8C31F12E37C0020F5D6 /* Info.plist */ = {isa = PBXFileReference; lastKnownFileType = text.plist.xml; path = Info.plist; sourceTree = "<group>"; };
		E2C3C8C81F12E37C0020F5D6 /* Syllabus PrepTests.xctest */ = {isa = PBXFileReference; explicitFileType = wrapper.cfbundle; includeInIndex = 0; path = "Syllabus PrepTests.xctest"; sourceTree = BUILT_PRODUCTS_DIR; };
		E2C3C8CC1F12E37D0020F5D6 /* Syllabus_PrepTests.swift */ = {isa = PBXFileReference; lastKnownFileType = sourcecode.swift; path = Syllabus_PrepTests.swift; sourceTree = "<group>"; };
		E2C3C8CE1F12E37D0020F5D6 /* Info.plist */ = {isa = PBXFileReference; lastKnownFileType = text.plist.xml; path = Info.plist; sourceTree = "<group>"; };
		E2FD05DA1F1C2D6F00AB3015 /* MIDISampler.swift */ = {isa = PBXFileReference; fileEncoding = 4; lastKnownFileType = sourcecode.swift; path = MIDISampler.swift; sourceTree = "<group>"; };
		E2FD05DC1F1C2FF300AB3015 /* GeneralUser GS MuseScore v1.442.sf2 */ = {isa = PBXFileReference; lastKnownFileType = file; path = "GeneralUser GS MuseScore v1.442.sf2"; sourceTree = "<group>"; };
		E2FD05DE1F1C5B4000AB3015 /* EarTrainingSets.swift */ = {isa = PBXFileReference; fileEncoding = 4; lastKnownFileType = sourcecode.swift; path = EarTrainingSets.swift; sourceTree = "<group>"; };
		E2FD05DF1F1C5B4000AB3015 /* Notes.swift */ = {isa = PBXFileReference; fileEncoding = 4; lastKnownFileType = sourcecode.swift; path = Notes.swift; sourceTree = "<group>"; };
		E2FD05E01F1C5B4000AB3015 /* SyllabusLevels.swift */ = {isa = PBXFileReference; fileEncoding = 4; lastKnownFileType = sourcecode.swift; path = SyllabusLevels.swift; sourceTree = "<group>"; };
		E2FD05E11F1C5B4000AB3015 /* Types.swift */ = {isa = PBXFileReference; fileEncoding = 4; lastKnownFileType = sourcecode.swift; path = Types.swift; sourceTree = "<group>"; };
		E2FD05EC1F1C670A00AB3015 /* Intervals.swift */ = {isa = PBXFileReference; fileEncoding = 4; lastKnownFileType = sourcecode.swift; path = Intervals.swift; sourceTree = "<group>"; };
		E2FD05EE1F1C6B6600AB3015 /* ET_Intervals.swift */ = {isa = PBXFileReference; fileEncoding = 4; lastKnownFileType = sourcecode.swift; path = ET_Intervals.swift; sourceTree = "<group>"; };
		E2FD05F01F1C6D2100AB3015 /* ET_Chords.swift */ = {isa = PBXFileReference; fileEncoding = 4; lastKnownFileType = sourcecode.swift; path = ET_Chords.swift; sourceTree = "<group>"; };
		E2FD05F21F1C6DE100AB3015 /* ET_Scales.swift */ = {isa = PBXFileReference; fileEncoding = 4; lastKnownFileType = sourcecode.swift; path = ET_Scales.swift; sourceTree = "<group>"; };
		E2FD05F41F1C6F0F00AB3015 /* Chords.swift */ = {isa = PBXFileReference; fileEncoding = 4; lastKnownFileType = sourcecode.swift; path = Chords.swift; sourceTree = "<group>"; };
		E2FD05F61F1C708500AB3015 /* Scales.swift */ = {isa = PBXFileReference; fileEncoding = 4; lastKnownFileType = sourcecode.swift; path = Scales.swift; sourceTree = "<group>"; };
/* End PBXFileReference section */

/* Begin PBXFrameworksBuildPhase section */
		E2C3C8B11F12E37C0020F5D6 /* Frameworks */ = {
			isa = PBXFrameworksBuildPhase;
			buildActionMask = 2147483647;
			files = (
			);
			runOnlyForDeploymentPostprocessing = 0;
		};
		E2C3C8C51F12E37C0020F5D6 /* Frameworks */ = {
			isa = PBXFrameworksBuildPhase;
			buildActionMask = 2147483647;
			files = (
			);
			runOnlyForDeploymentPostprocessing = 0;
		};
/* End PBXFrameworksBuildPhase section */

/* Begin PBXGroup section */
		E2A238A91F1D6CD2008F5DD6 /* Random Number Generator */ = {
			isa = PBXGroup;
			children = (
				E2A238A71F1D6CCC008F5DD6 /* RandNum.swift */,
			);
			name = "Random Number Generator";
			sourceTree = "<group>";
		};
		E2C3C8AB1F12E37C0020F5D6 = {
			isa = PBXGroup;
			children = (
				E2C3C8B61F12E37C0020F5D6 /* Syllabus Prep */,
				E2C3C8CB1F12E37D0020F5D6 /* Syllabus PrepTests */,
				E2C3C8B51F12E37C0020F5D6 /* Products */,
			);
			sourceTree = "<group>";
		};
		E2C3C8B51F12E37C0020F5D6 /* Products */ = {
			isa = PBXGroup;
			children = (
				E2C3C8B41F12E37C0020F5D6 /* Syllabus Prep.app */,
				E2C3C8C81F12E37C0020F5D6 /* Syllabus PrepTests.xctest */,
			);
			name = Products;
			sourceTree = "<group>";
		};
		E2C3C8B61F12E37C0020F5D6 /* Syllabus Prep */ = {
			isa = PBXGroup;
			children = (
				E2A238A91F1D6CD2008F5DD6 /* Random Number Generator */,
				E2FD05EB1F1C5C2500AB3015 /* App */,
				E2FD05EA1F1C5C1400AB3015 /* Levels */,
				E2FD05E91F1C5C0000AB3015 /* Theory */,
				E2FD05E81F1C5BD300AB3015 /* Audio Resources */,
				E2FD05E71F1C5B8800AB3015 /* Ear Training Sets */,
			);
			path = "Syllabus Prep";
			sourceTree = "<group>";
		};
		E2C3C8CB1F12E37D0020F5D6 /* Syllabus PrepTests */ = {
			isa = PBXGroup;
			children = (
				E2C3C8CC1F12E37D0020F5D6 /* Syllabus_PrepTests.swift */,
				E2C3C8CE1F12E37D0020F5D6 /* Info.plist */,
				E2BB4E581F2D4943008A4AB9 /* EarTrainingTests.swift */,
			);
			path = "Syllabus PrepTests";
			sourceTree = "<group>";
		};
		E2FD05E71F1C5B8800AB3015 /* Ear Training Sets */ = {
			isa = PBXGroup;
			children = (
				E2FD05DE1F1C5B4000AB3015 /* EarTrainingSets.swift */,
				E2FD05EE1F1C6B6600AB3015 /* ET_Intervals.swift */,
				E2FD05F01F1C6D2100AB3015 /* ET_Chords.swift */,
				E2FD05F21F1C6DE100AB3015 /* ET_Scales.swift */,
			);
			name = "Ear Training Sets";
			sourceTree = "<group>";
		};
		E2FD05E81F1C5BD300AB3015 /* Audio Resources */ = {
			isa = PBXGroup;
			children = (
				E2FD05DA1F1C2D6F00AB3015 /* MIDISampler.swift */,
				E2FD05DC1F1C2FF300AB3015 /* GeneralUser GS MuseScore v1.442.sf2 */,
			);
			name = "Audio Resources";
			sourceTree = "<group>";
		};
		E2FD05E91F1C5C0000AB3015 /* Theory */ = {
			isa = PBXGroup;
			children = (
				E2FD05DF1F1C5B4000AB3015 /* Notes.swift */,
				E2FD05E11F1C5B4000AB3015 /* Types.swift */,
				E2FD05EC1F1C670A00AB3015 /* Intervals.swift */,
				E2FD05F41F1C6F0F00AB3015 /* Chords.swift */,
				E2FD05F61F1C708500AB3015 /* Scales.swift */,
			);
			name = Theory;
			sourceTree = "<group>";
		};
		E2FD05EA1F1C5C1400AB3015 /* Levels */ = {
			isa = PBXGroup;
			children = (
				E2FD05E01F1C5B4000AB3015 /* SyllabusLevels.swift */,
			);
			name = Levels;
			sourceTree = "<group>";
		};
		E2FD05EB1F1C5C2500AB3015 /* App */ = {
			isa = PBXGroup;
			children = (
				E2C3C8B71F12E37C0020F5D6 /* AppDelegate.swift */,
				E2C3C8B91F12E37C0020F5D6 /* ViewController.swift */,
				E2C3C8BB1F12E37C0020F5D6 /* Main.storyboard */,
				E2C3C8BE1F12E37C0020F5D6 /* Assets.xcassets */,
				E2C3C8C01F12E37C0020F5D6 /* LaunchScreen.storyboard */,
				E2C3C8C31F12E37C0020F5D6 /* Info.plist */,
			);
			name = App;
			sourceTree = "<group>";
		};
/* End PBXGroup section */

/* Begin PBXNativeTarget section */
		E2C3C8B31F12E37C0020F5D6 /* Syllabus Prep */ = {
			isa = PBXNativeTarget;
			buildConfigurationList = E2C3C8D11F12E37D0020F5D6 /* Build configuration list for PBXNativeTarget "Syllabus Prep" */;
			buildPhases = (
				E2C3C8B01F12E37C0020F5D6 /* Sources */,
				E2C3C8B11F12E37C0020F5D6 /* Frameworks */,
				E2C3C8B21F12E37C0020F5D6 /* Resources */,
			);
			buildRules = (
			);
			dependencies = (
			);
			name = "Syllabus Prep";
			productName = "Syllabus Prep";
			productReference = E2C3C8B41F12E37C0020F5D6 /* Syllabus Prep.app */;
			productType = "com.apple.product-type.application";
		};
		E2C3C8C71F12E37C0020F5D6 /* Syllabus PrepTests */ = {
			isa = PBXNativeTarget;
			buildConfigurationList = E2C3C8D41F12E37D0020F5D6 /* Build configuration list for PBXNativeTarget "Syllabus PrepTests" */;
			buildPhases = (
				E2C3C8C41F12E37C0020F5D6 /* Sources */,
				E2C3C8C51F12E37C0020F5D6 /* Frameworks */,
				E2C3C8C61F12E37C0020F5D6 /* Resources */,
			);
			buildRules = (
			);
			dependencies = (
				E2C3C8CA1F12E37C0020F5D6 /* PBXTargetDependency */,
			);
			name = "Syllabus PrepTests";
			productName = "Syllabus PrepTests";
			productReference = E2C3C8C81F12E37C0020F5D6 /* Syllabus PrepTests.xctest */;
			productType = "com.apple.product-type.bundle.unit-test";
		};
/* End PBXNativeTarget section */

/* Begin PBXProject section */
		E2C3C8AC1F12E37C0020F5D6 /* Project object */ = {
			isa = PBXProject;
			attributes = {
				LastSwiftUpdateCheck = 0830;
				LastUpgradeCheck = 0830;
				ORGANIZATIONNAME = "Matthew Balleza";
				TargetAttributes = {
					E2C3C8B31F12E37C0020F5D6 = {
						CreatedOnToolsVersion = 8.3.3;
						DevelopmentTeam = 9998N29949;
						ProvisioningStyle = Automatic;
					};
					E2C3C8C71F12E37C0020F5D6 = {
						CreatedOnToolsVersion = 8.3.3;
						DevelopmentTeam = 9998N29949;
						ProvisioningStyle = Automatic;
						TestTargetID = E2C3C8B31F12E37C0020F5D6;
					};
				};
			};
			buildConfigurationList = E2C3C8AF1F12E37C0020F5D6 /* Build configuration list for PBXProject "Syllabus Prep" */;
			compatibilityVersion = "Xcode 3.2";
			developmentRegion = English;
			hasScannedForEncodings = 0;
			knownRegions = (
				en,
				Base,
			);
			mainGroup = E2C3C8AB1F12E37C0020F5D6;
			productRefGroup = E2C3C8B51F12E37C0020F5D6 /* Products */;
			projectDirPath = "";
			projectRoot = "";
			targets = (
				E2C3C8B31F12E37C0020F5D6 /* Syllabus Prep */,
				E2C3C8C71F12E37C0020F5D6 /* Syllabus PrepTests */,
			);
		};
/* End PBXProject section */

/* Begin PBXResourcesBuildPhase section */
		E2C3C8B21F12E37C0020F5D6 /* Resources */ = {
			isa = PBXResourcesBuildPhase;
			buildActionMask = 2147483647;
			files = (
				E2FD05DD1F1C2FF300AB3015 /* GeneralUser GS MuseScore v1.442.sf2 in Resources */,
				E2C3C8C21F12E37C0020F5D6 /* LaunchScreen.storyboard in Resources */,
				E2C3C8BF1F12E37C0020F5D6 /* Assets.xcassets in Resources */,
				E2C3C8BD1F12E37C0020F5D6 /* Main.storyboard in Resources */,
			);
			runOnlyForDeploymentPostprocessing = 0;
		};
		E2C3C8C61F12E37C0020F5D6 /* Resources */ = {
			isa = PBXResourcesBuildPhase;
			buildActionMask = 2147483647;
			files = (
			);
			runOnlyForDeploymentPostprocessing = 0;
		};
/* End PBXResourcesBuildPhase section */

/* Begin PBXSourcesBuildPhase section */
		E2C3C8B01F12E37C0020F5D6 /* Sources */ = {
			isa = PBXSourcesBuildPhase;
			buildActionMask = 2147483647;
			files = (
				E2FD05DB1F1C2D6F00AB3015 /* MIDISampler.swift in Sources */,
				E2C3C8BA1F12E37C0020F5D6 /* ViewController.swift in Sources */,
				E2FD05F51F1C6F0F00AB3015 /* Chords.swift in Sources */,
				E2A238A81F1D6CCC008F5DD6 /* RandNum.swift in Sources */,
				E2FD05ED1F1C670A00AB3015 /* Intervals.swift in Sources */,
				E2C3C8B81F12E37C0020F5D6 /* AppDelegate.swift in Sources */,
				E2FD05E51F1C5B4000AB3015 /* Types.swift in Sources */,
				E2FD05E41F1C5B4000AB3015 /* SyllabusLevels.swift in Sources */,
				E2FD05F71F1C708500AB3015 /* Scales.swift in Sources */,
				E2FD05EF1F1C6B6600AB3015 /* ET_Intervals.swift in Sources */,
				E2FD05F31F1C6DE100AB3015 /* ET_Scales.swift in Sources */,
				E2FD05E21F1C5B4000AB3015 /* EarTrainingSets.swift in Sources */,
				E2FD05E31F1C5B4000AB3015 /* Notes.swift in Sources */,
				E2FD05F11F1C6D2100AB3015 /* ET_Chords.swift in Sources */,
			);
			runOnlyForDeploymentPostprocessing = 0;
		};
		E2C3C8C41F12E37C0020F5D6 /* Sources */ = {
			isa = PBXSourcesBuildPhase;
			buildActionMask = 2147483647;
			files = (
				E2BB4E591F2D4943008A4AB9 /* EarTrainingTests.swift in Sources */,
				E2C3C8CD1F12E37D0020F5D6 /* Syllabus_PrepTests.swift in Sources */,
			);
			runOnlyForDeploymentPostprocessing = 0;
		};
/* End PBXSourcesBuildPhase section */

/* Begin PBXTargetDependency section */
		E2C3C8CA1F12E37C0020F5D6 /* PBXTargetDependency */ = {
			isa = PBXTargetDependency;
			target = E2C3C8B31F12E37C0020F5D6 /* Syllabus Prep */;
			targetProxy = E2C3C8C91F12E37C0020F5D6 /* PBXContainerItemProxy */;
		};
/* End PBXTargetDependency section */

/* Begin PBXVariantGroup section */
		E2C3C8BB1F12E37C0020F5D6 /* Main.storyboard */ = {
			isa = PBXVariantGroup;
			children = (
				E2C3C8BC1F12E37C0020F5D6 /* Base */,
			);
			name = Main.storyboard;
			sourceTree = "<group>";
		};
		E2C3C8C01F12E37C0020F5D6 /* LaunchScreen.storyboard */ = {
			isa = PBXVariantGroup;
			children = (
				E2C3C8C11F12E37C0020F5D6 /* Base */,
			);
			name = LaunchScreen.storyboard;
			sourceTree = "<group>";
		};
/* End PBXVariantGroup section */

/* Begin XCBuildConfiguration section */
		E2C3C8CF1F12E37D0020F5D6 /* Debug */ = {
			isa = XCBuildConfiguration;
			buildSettings = {
				ALWAYS_SEARCH_USER_PATHS = NO;
				CLANG_ANALYZER_NONNULL = YES;
				CLANG_ANALYZER_NUMBER_OBJECT_CONVERSION = YES_AGGRESSIVE;
				CLANG_CXX_LANGUAGE_STANDARD = "gnu++0x";
				CLANG_CXX_LIBRARY = "libc++";
				CLANG_ENABLE_MODULES = YES;
				CLANG_ENABLE_OBJC_ARC = YES;
				CLANG_WARN_BOOL_CONVERSION = YES;
				CLANG_WARN_CONSTANT_CONVERSION = YES;
				CLANG_WARN_DIRECT_OBJC_ISA_USAGE = YES_ERROR;
				CLANG_WARN_DOCUMENTATION_COMMENTS = YES;
				CLANG_WARN_EMPTY_BODY = YES;
				CLANG_WARN_ENUM_CONVERSION = YES;
				CLANG_WARN_INFINITE_RECURSION = YES;
				CLANG_WARN_INT_CONVERSION = YES;
				CLANG_WARN_OBJC_ROOT_CLASS = YES_ERROR;
				CLANG_WARN_SUSPICIOUS_MOVE = YES;
				CLANG_WARN_UNREACHABLE_CODE = YES;
				CLANG_WARN__DUPLICATE_METHOD_MATCH = YES;
				"CODE_SIGN_IDENTITY[sdk=iphoneos*]" = "iPhone Developer";
				COPY_PHASE_STRIP = NO;
				DEBUG_INFORMATION_FORMAT = dwarf;
				ENABLE_STRICT_OBJC_MSGSEND = YES;
				ENABLE_TESTABILITY = YES;
				GCC_C_LANGUAGE_STANDARD = gnu99;
				GCC_DYNAMIC_NO_PIC = NO;
				GCC_NO_COMMON_BLOCKS = YES;
				GCC_OPTIMIZATION_LEVEL = 0;
				GCC_PREPROCESSOR_DEFINITIONS = (
					"DEBUG=1",
					"$(inherited)",
				);
				GCC_WARN_64_TO_32_BIT_CONVERSION = YES;
				GCC_WARN_ABOUT_RETURN_TYPE = YES_ERROR;
				GCC_WARN_UNDECLARED_SELECTOR = YES;
				GCC_WARN_UNINITIALIZED_AUTOS = YES_AGGRESSIVE;
				GCC_WARN_UNUSED_FUNCTION = YES;
				GCC_WARN_UNUSED_VARIABLE = YES;
				IPHONEOS_DEPLOYMENT_TARGET = 10.3;
				MTL_ENABLE_DEBUG_INFO = YES;
				ONLY_ACTIVE_ARCH = YES;
				SDKROOT = iphoneos;
				SWIFT_ACTIVE_COMPILATION_CONDITIONS = DEBUG;
				SWIFT_OPTIMIZATION_LEVEL = "-Onone";
				TARGETED_DEVICE_FAMILY = "1,2";
			};
			name = Debug;
		};
		E2C3C8D01F12E37D0020F5D6 /* Release */ = {
			isa = XCBuildConfiguration;
			buildSettings = {
				ALWAYS_SEARCH_USER_PATHS = NO;
				CLANG_ANALYZER_NONNULL = YES;
				CLANG_ANALYZER_NUMBER_OBJECT_CONVERSION = YES_AGGRESSIVE;
				CLANG_CXX_LANGUAGE_STANDARD = "gnu++0x";
				CLANG_CXX_LIBRARY = "libc++";
				CLANG_ENABLE_MODULES = YES;
				CLANG_ENABLE_OBJC_ARC = YES;
				CLANG_WARN_BOOL_CONVERSION = YES;
				CLANG_WARN_CONSTANT_CONVERSION = YES;
				CLANG_WARN_DIRECT_OBJC_ISA_USAGE = YES_ERROR;
				CLANG_WARN_DOCUMENTATION_COMMENTS = YES;
				CLANG_WARN_EMPTY_BODY = YES;
				CLANG_WARN_ENUM_CONVERSION = YES;
				CLANG_WARN_INFINITE_RECURSION = YES;
				CLANG_WARN_INT_CONVERSION = YES;
				CLANG_WARN_OBJC_ROOT_CLASS = YES_ERROR;
				CLANG_WARN_SUSPICIOUS_MOVE = YES;
				CLANG_WARN_UNREACHABLE_CODE = YES;
				CLANG_WARN__DUPLICATE_METHOD_MATCH = YES;
				"CODE_SIGN_IDENTITY[sdk=iphoneos*]" = "iPhone Developer";
				COPY_PHASE_STRIP = NO;
				DEBUG_INFORMATION_FORMAT = "dwarf-with-dsym";
				ENABLE_NS_ASSERTIONS = NO;
				ENABLE_STRICT_OBJC_MSGSEND = YES;
				GCC_C_LANGUAGE_STANDARD = gnu99;
				GCC_NO_COMMON_BLOCKS = YES;
				GCC_WARN_64_TO_32_BIT_CONVERSION = YES;
				GCC_WARN_ABOUT_RETURN_TYPE = YES_ERROR;
				GCC_WARN_UNDECLARED_SELECTOR = YES;
				GCC_WARN_UNINITIALIZED_AUTOS = YES_AGGRESSIVE;
				GCC_WARN_UNUSED_FUNCTION = YES;
				GCC_WARN_UNUSED_VARIABLE = YES;
				IPHONEOS_DEPLOYMENT_TARGET = 10.3;
				MTL_ENABLE_DEBUG_INFO = NO;
				SDKROOT = iphoneos;
				SWIFT_OPTIMIZATION_LEVEL = "-Owholemodule";
				TARGETED_DEVICE_FAMILY = "1,2";
				VALIDATE_PRODUCT = YES;
			};
			name = Release;
		};
		E2C3C8D21F12E37D0020F5D6 /* Debug */ = {
			isa = XCBuildConfiguration;
			buildSettings = {
				ASSETCATALOG_COMPILER_APPICON_NAME = AppIcon;
				DEVELOPMENT_TEAM = 9998N29949;
				INFOPLIST_FILE = "Syllabus Prep/Info.plist";
				IPHONEOS_DEPLOYMENT_TARGET = 9.3;
				LD_RUNPATH_SEARCH_PATHS = "$(inherited) @executable_path/Frameworks";
				PRODUCT_BUNDLE_IDENTIFIER = "com.mballeza.Syllabus-Prep";
				PRODUCT_NAME = "$(TARGET_NAME)";
				SWIFT_VERSION = 3.0;
			};
			name = Debug;
		};
		E2C3C8D31F12E37D0020F5D6 /* Release */ = {
			isa = XCBuildConfiguration;
			buildSettings = {
				ASSETCATALOG_COMPILER_APPICON_NAME = AppIcon;
				DEVELOPMENT_TEAM = 9998N29949;
				INFOPLIST_FILE = "Syllabus Prep/Info.plist";
				IPHONEOS_DEPLOYMENT_TARGET = 9.3;
				LD_RUNPATH_SEARCH_PATHS = "$(inherited) @executable_path/Frameworks";
				PRODUCT_BUNDLE_IDENTIFIER = "com.mballeza.Syllabus-Prep";
				PRODUCT_NAME = "$(TARGET_NAME)";
				SWIFT_VERSION = 3.0;
			};
			name = Release;
		};
		E2C3C8D51F12E37D0020F5D6 /* Debug */ = {
			isa = XCBuildConfiguration;
			buildSettings = {
				ALWAYS_EMBED_SWIFT_STANDARD_LIBRARIES = YES;
				BUNDLE_LOADER = "$(TEST_HOST)";
				DEVELOPMENT_TEAM = 9998N29949;
				INFOPLIST_FILE = "Syllabus PrepTests/Info.plist";
				LD_RUNPATH_SEARCH_PATHS = "$(inherited) @executable_path/Frameworks @loader_path/Frameworks";
				PRODUCT_BUNDLE_IDENTIFIER = "com.mballeza.Syllabus-PrepTests";
				PRODUCT_NAME = "$(TARGET_NAME)";
				SWIFT_VERSION = 3.0;
				TEST_HOST = "$(BUILT_PRODUCTS_DIR)/Syllabus Prep.app/Syllabus Prep";
			};
			name = Debug;
		};
		E2C3C8D61F12E37D0020F5D6 /* Release */ = {
			isa = XCBuildConfiguration;
			buildSettings = {
				ALWAYS_EMBED_SWIFT_STANDARD_LIBRARIES = YES;
				BUNDLE_LOADER = "$(TEST_HOST)";
				DEVELOPMENT_TEAM = 9998N29949;
				INFOPLIST_FILE = "Syllabus PrepTests/Info.plist";
				LD_RUNPATH_SEARCH_PATHS = "$(inherited) @executable_path/Frameworks @loader_path/Frameworks";
				PRODUCT_BUNDLE_IDENTIFIER = "com.mballeza.Syllabus-PrepTests";
				PRODUCT_NAME = "$(TARGET_NAME)";
				SWIFT_VERSION = 3.0;
				TEST_HOST = "$(BUILT_PRODUCTS_DIR)/Syllabus Prep.app/Syllabus Prep";
			};
			name = Release;
		};
/* End XCBuildConfiguration section */

/* Begin XCConfigurationList section */
		E2C3C8AF1F12E37C0020F5D6 /* Build configuration list for PBXProject "Syllabus Prep" */ = {
			isa = XCConfigurationList;
			buildConfigurations = (
				E2C3C8CF1F12E37D0020F5D6 /* Debug */,
				E2C3C8D01F12E37D0020F5D6 /* Release */,
			);
			defaultConfigurationIsVisible = 0;
			defaultConfigurationName = Release;
		};
		E2C3C8D11F12E37D0020F5D6 /* Build configuration list for PBXNativeTarget "Syllabus Prep" */ = {
			isa = XCConfigurationList;
			buildConfigurations = (
				E2C3C8D21F12E37D0020F5D6 /* Debug */,
				E2C3C8D31F12E37D0020F5D6 /* Release */,
			);
			defaultConfigurationIsVisible = 0;
			defaultConfigurationName = Release;
		};
		E2C3C8D41F12E37D0020F5D6 /* Build configuration list for PBXNativeTarget "Syllabus PrepTests" */ = {
			isa = XCConfigurationList;
			buildConfigurations = (
				E2C3C8D51F12E37D0020F5D6 /* Debug */,
				E2C3C8D61F12E37D0020F5D6 /* Release */,
			);
			defaultConfigurationIsVisible = 0;
			defaultConfigurationName = Release;
		};
/* End XCConfigurationList section */
	};
	rootObject = E2C3C8AC1F12E37C0020F5D6 /* Project object */;
}
